
Microsoft Visual Studio Solution File, Format Version 12.00
Project("{FAE04EC0-301F-11D3-BF4B-00C04F79EFBC}") = "PlatformService", "PlatformService\PlatformService.csproj", "{C75B9E46-DBDF-4BD7-8712-947E0E47511B}"
EndProject
Project("{FAE04EC0-301F-11D3-BF4B-00C04F79EFBC}") = "CommandService", "CommandService\CommandService.csproj", "{4564CC7E-092C-4E6C-B173-947425A10810}"
EndProject
Global
	GlobalSection(SolutionConfigurationPlatforms) = preSolution
		Debug|Any CPU = Debug|Any CPU
		Release|Any CPU = Release|Any CPU
	EndGlobalSection
	GlobalSection(ProjectConfigurationPlatforms) = postSolution
		{C75B9E46-DBDF-4BD7-8712-947E0E47511B}.Debug|Any CPU.ActiveCfg = Debug|Any CPU
		{C75B9E46-DBDF-4BD7-8712-947E0E47511B}.Debug|Any CPU.Build.0 = Debug|Any CPU
		{C75B9E46-DBDF-4BD7-8712-947E0E47511B}.Release|Any CPU.ActiveCfg = Release|Any CPU
		{C75B9E46-DBDF-4BD7-8712-947E0E47511B}.Release|Any CPU.Build.0 = Release|Any CPU
		{4564CC7E-092C-4E6C-B173-947425A10810}.Debug|Any CPU.ActiveCfg = Debug|Any CPU
		{4564CC7E-092C-4E6C-B173-947425A10810}.Debug|Any CPU.Build.0 = Debug|Any CPU
		{4564CC7E-092C-4E6C-B173-947425A10810}.Release|Any CPU.ActiveCfg = Release|Any CPU
		{4564CC7E-092C-4E6C-B173-947425A10810}.Release|Any CPU.Build.0 = Release|Any CPU
	EndGlobalSection
EndGlobal
